{
  "name": "npm-workspace-cmd-win",
  "lockfileVersion": 3,
  "requires": true,
  "packages": {
    "": {
      "name": "npm-workspace-cmd-win",
      "license": "UNLICENSED",
      "workspaces": [
        "pkgs/cli",
        "pkgs/use-cli"
      ]
    },
    "node_modules/@npm-workspace-cmd-win/cli": {
      "resolved": "pkgs/cli",
      "link": true
    },
    "node_modules/@npm-workspace-cmd-win/use-cli": {
      "resolved": "pkgs/use-cli",
      "link": true
    },
    "pkgs/cli": {
      "name": "@npm-workspace-cmd-win/cli",
      "version": "1.0.0",
      "license": "ISC",
      "bin": {
        "npm-workspace-cmd-win": "index.js"
      }
    },
    "pkgs/use-cli": {
      "name": "@npm-workspace-cmd-win/use-cli",
      "version": "1.0.0",
      "license": "ISC",
      "devDependencies": {
        "@npm-workspace-cmd-win/cli": "^1.0.0"
      }
    }
  }
}
